
Microsoft Visual Studio Solution File, Format Version 12.00
# Visual Studio Version 17
VisualStudioVersion = 17.4.33205.214
MinimumVisualStudioVersion = 10.0.40219.1
Project("{FAE04EC0-301F-11D3-BF4B-00C04F79EFBC}") = "StackOverFlowPost", "StackOverFlowPost\StackOverFlowPost.csproj", "{8E6290DF-F136-4FFA-98EF-A80467B2D995}"
EndProject
Global
	GlobalSection(SolutionConfigurationPlatforms) = preSolution
		Debug|Any CPU = Debug|Any CPU
		Release|Any CPU = Release|Any CPU
	EndGlobalSection
	GlobalSection(ProjectConfigurationPlatforms) = postSolution
		{8E6290DF-F136-4FFA-98EF-A80467B2D995}.Debug|Any CPU.ActiveCfg = Debug|Any CPU
		{8E6290DF-F136-4FFA-98EF-A80467B2D995}.Debug|Any CPU.Build.0 = Debug|Any CPU
		{8E6290DF-F136-4FFA-98EF-A80467B2D995}.Release|Any CPU.ActiveCfg = Release|Any CPU
		{8E6290DF-F136-4FFA-98EF-A80467B2D995}.Release|Any CPU.Build.0 = Release|Any CPU
	EndGlobalSection
	GlobalSection(SolutionProperties) = preSolution
		HideSolutionNode = FALSE
	EndGlobalSection
	GlobalSection(ExtensibilityGlobals) = postSolution
		SolutionGuid = {EE1362EC-B074-43C3-BBCA-2A0C8F6224C5}
	EndGlobalSection
EndGlobal
